{
  "version": 4,
  "terraform_version": "1.12.2",
  "serial": 158,
  "lineage": "71f843d5-98e6-0ca4-2940-81f1c0d8e784",
  "outputs": {},
  "resources": [
    {
      "module": "module.aks",
      "mode": "managed",
      "type": "azurerm_federated_identity_credential",
      "name": "alb_fic",
      "provider": "module.aks.provider[\"registry.terraform.io/hashicorp/azurerm\"]",
      "instances": [
        {
          "schema_version": 0,
          "attributes": {
            "audience": [
              "api://AzureADTokenExchange"
            ],
            "id": "/subscriptions/f4b29925-415a-4506-8a73-6992820c05bb/resourceGroups/challenge/providers/Microsoft.ManagedIdentity/userAssignedIdentities/challenge-alb-identity/federatedIdentityCredentials/azure-alb-fic",
            "issuer": "https://eastus.oic.prod-aks.azure.com/7f2c7ba5-f094-4dc0-b9b8-dcd2a3d30721/9e6fa106-b32b-49e0-8998-cd7f77799a79/",
            "name": "azure-alb-fic",
            "parent_id": "/subscriptions/f4b29925-415a-4506-8a73-6992820c05bb/resourceGroups/challenge/providers/Microsoft.ManagedIdentity/userAssignedIdentities/challenge-alb-identity",
            "resource_group_name": "challenge",
            "subject": "system:serviceaccount:azure-alb-system:alb-controller-sa",
            "timeouts": null
          },
          "sensitive_attributes": [],
          "identity_schema_version": 0,
          "private": "eyJlMmJmYjczMC1lY2FhLTExZTYtOGY4OC0zNDM2M2JjN2M0YzAiOnsiY3JlYXRlIjoxODAwMDAwMDAwMDAwLCJkZWxldGUiOjE4MDAwMDAwMDAwMDAsInJlYWQiOjMwMDAwMDAwMDAwMCwidXBkYXRlIjoxODAwMDAwMDAwMDAwfX0=",
          "dependencies": [
            "module.aks.azurerm_kubernetes_cluster.aks_lab",
            "module.aks.azurerm_resource_group.aks_lab",
            "module.aks.azurerm_subnet.aks_subnet",
            "module.aks.azurerm_user_assigned_identity.alb_identity",
            "module.aks.azurerm_virtual_network.vnet"
          ]
        }
      ]
    },
    {
      "module": "module.aks",
      "mode": "managed",
      "type": "azurerm_kubernetes_cluster",
      "name": "aks_lab",
      "provider": "module.aks.provider[\"registry.terraform.io/hashicorp/azurerm\"]",
      "instances": [
        {
          "schema_version": 2,
          "attributes": {
            "aci_connector_linux": [],
            "api_server_access_profile": [],
            "auto_scaler_profile": [
              {
                "balance_similar_node_groups": false,
                "daemonset_eviction_for_empty_nodes_enabled": false,
                "daemonset_eviction_for_occupied_nodes_enabled": true,
                "empty_bulk_delete_max": "10",
                "expander": "random",
                "ignore_daemonsets_utilization_enabled": false,
                "max_graceful_termination_sec": "600",
                "max_node_provisioning_time": "15m",
                "max_unready_nodes": 3,
                "max_unready_percentage": 45,
                "new_pod_scale_up_delay": "0s",
                "scale_down_delay_after_add": "10m",
                "scale_down_delay_after_delete": "10s",
                "scale_down_delay_after_failure": "3m",
                "scale_down_unneeded": "10m",
                "scale_down_unready": "20m",
                "scale_down_utilization_threshold": "0.5",
                "scan_interval": "10s",
                "skip_nodes_with_local_storage": false,
                "skip_nodes_with_system_pods": true
              }
            ],
            "automatic_upgrade_channel": "",
            "azure_active_directory_role_based_access_control": [],
            "azure_policy_enabled": null,
            "confidential_computing": [],
            "cost_analysis_enabled": false,
            "current_kubernetes_version": "1.33.2",
            "custom_ca_trust_certificates_base64": [],
            "default_node_pool": [
              {
                "auto_scaling_enabled": true,
                "capacity_reservation_group_id": "",
                "fips_enabled": false,
                "gpu_instance": "",
                "host_encryption_enabled": false,
                "host_group_id": "",
                "kubelet_config": [],
                "kubelet_disk_type": "OS",
                "linux_os_config": [],
                "max_count": 2,
                "max_pods": 250,
                "min_count": 1,
                "name": "default",
                "node_count": 1,
                "node_labels": {},
                "node_network_profile": [],
                "node_public_ip_enabled": false,
                "node_public_ip_prefix_id": "",
                "only_critical_addons_enabled": false,
                "orchestrator_version": "1.33",
                "os_disk_size_gb": 128,
                "os_disk_type": "Managed",
                "os_sku": "Ubuntu",
                "pod_subnet_id": "",
                "proximity_placement_group_id": "",
                "scale_down_mode": "Delete",
                "snapshot_id": "",
                "tags": {},
                "temporary_name_for_rotation": "",
                "type": "VirtualMachineScaleSets",
                "ultra_ssd_enabled": false,
                "upgrade_settings": [
                  {
                    "drain_timeout_in_minutes": 0,
                    "max_surge": "100%",
                    "node_soak_duration_in_minutes": 0
                  }
                ],
                "vm_size": "Standard_A2_v2",
                "vnet_subnet_id": "/subscriptions/f4b29925-415a-4506-8a73-6992820c05bb/resourceGroups/challenge/providers/Microsoft.Network/virtualNetworks/challenge-vnet/subnets/aks-subnet",
                "workload_runtime": "",
                "zones": []
              }
            ],
            "disk_encryption_set_id": "",
            "dns_prefix": "challenge",
            "dns_prefix_private_cluster": "",
            "edge_zone": "",
            "fqdn": "challenge-6ijn6krl.hcp.eastus.azmk8s.io",
            "http_application_routing_enabled": null,
            "http_application_routing_zone_name": null,
            "http_proxy_config": [],
            "id": "/subscriptions/f4b29925-415a-4506-8a73-6992820c05bb/resourceGroups/challenge/providers/Microsoft.ContainerService/managedClusters/challenge",
            "identity": [
              {
                "identity_ids": [],
                "principal_id": "ed1edb6d-73b8-4701-a9ac-a8db45cdcdf7",
                "tenant_id": "7f2c7ba5-f094-4dc0-b9b8-dcd2a3d30721",
                "type": "SystemAssigned"
              }
            ],
            "image_cleaner_enabled": null,
            "image_cleaner_interval_hours": null,
            "ingress_application_gateway": [],
            "key_management_service": [],
            "key_vault_secrets_provider": [],
            "kube_admin_config": [],
            "kube_admin_config_raw": "",
            "kube_config": [
              {
                "client_certificate": "LS0tLS1CRUdJTiBDRVJUSUZJQ0FURS0tLS0tCk1JSUZIVENDQXdXZ0F3SUJBZ0lRYm52VHRIKy9qcDBmR3JtUFQ2cHh2ekFOQmdrcWhraUc5dzBCQVFzRkFEQU4KTVFzd0NRWURWUVFERXdKallUQWVGdzB5TlRBNE1EWXlNek0xTVRCYUZ3MHlOekE0TURZeU16UTFNVEJhTURBeApGekFWQmdOVkJBb1REbk41YzNSbGJUcHRZWE4wWlhKek1SVXdFd1lEVlFRREV3eHRZWE4wWlhKamJHbGxiblF3CmdnSWlNQTBHQ1NxR1NJYjNEUUVCQVFVQUE0SUNEd0F3Z2dJS0FvSUNBUUNoUitNeUVTYkFtRm5ieENkWCtsK1AKU1V0Snc3eEp6TitmUjluWlowVlg2aGlmb3ZSaWFsUFhvdE0vSVVld2JlNmVmQ3p5c1pKVVpMb05VY3pNb0lsLwpVUmNHSTluV0VkSU4rdEFrSGxFaE9CNE81VmUxczdxNFg2aXNOTTNEUG9lbm9VQzNBY29aYlFtQWZSVEpMYXRQClFGUGV1UTB3bSs5aWc3ckxJQng0eUNtVkVqT3JCMDh6OVBUbE1kMWZuM3NuR0hRb3FWcHZOOW9WeVgweGlENlQKeG12K1lXMUZ1M2FWSzVjWkZjRnY3RFFLbGl6N1R3Q3JVZ1J2S1ducTRXN2FtbklyanVvRmhHcVJPalpRayt1dwpPOE4rOXhLNWF2VFFKUUlXNjhiOXpYb0R0U3h5aGZIZU1GL0Y2TDdRc3grVmFaaEw0b1NnYVoycCtKWUxudWJnCmoreVR3Qk1ybGJzZ3hyeU0yaloxRFJzMWJPaG54VDhNNTJUL1VmVXJDZjIxZW0yTGtKSm44Ymg3THhVTDhZZzQKeDNBeUlMZUFCR2ZUNDFRV1QvZlkvMGZNTWZlRFpLaWVDWXJTTGtKSnlQRGdxOWZKZ1I2elVTVHUxaHoxeXF6ZwpOeHRkY2VBZTd6MVdtbHFZa0JXM2UwVWRoelBVRW5IVlVWTzc0MEVhemR3VktNMkFRMWx3d2tadlplSWNJc3JkCktzeVF6aEtZNVF1bERGcEs2eFB5SmlVSHdEcGtsd05pUkdFempPSmYxWlNrQVlIWUVUeWtiRlFPV0NDR2xid2QKSUtWcmhybmVaNEJjUEhteTUvRkV2VW1DMUtSV2RMVDhuRFpmS3BzeE5UUnowc1czdithOE1kRURoellHcmNjaApxa2F6bEpUQkZaT0ozbzA1NnJtbUp3SURBUUFCbzFZd1ZEQU9CZ05WSFE4QkFmOEVCQU1DQmFBd0V3WURWUjBsCkJBd3dDZ1lJS3dZQkJRVUhBd0l3REFZRFZSMFRBUUgvQkFJd0FEQWZCZ05WSFNNRUdEQVdnQlNWbnhYdEhKSzAKS0x6QStkVHhXbFBYY3hzeVpEQU5CZ2txaGtpRzl3MEJBUXNGQUFPQ0FnRUFhNVFwWVdldm15WG5WOW1XMC9wYwozTkV0c3F4WThlRTZxUGNMcENpQjdVbjhreXlKS2ttWVo3TmQvQXNXWEZ2dmcxbDIranVYVXpWYnhMR3ZDeTNJCmorVDJYcFZQQlovTVN2a3p4cUxQSFRSTCtCdjJRN0laMk9XODJHUzhpcHBOcExFVFRycCtPNFZ2T3V1Szhxem8KTjdLSkJRTVNNdWVlUWRnZ2hHczBsSFVqdUhnbkVid002UGlVTjRzTGs5ZlRtK0xJMDFNTXE3SHpIZ1dMVmJxOAo2U1VqQ0Vrdmp0Q01pNUJ6MHpLbFJtSkptTzRUU0xKam1RWmdlaVQ4RC9HUjZLejE5aXUyOXB0aEFWRkJ2eVNECjRMcUI5Vzhhbi9pRm92WG51cmV0dUpLK3A1c3o4c214cGNydnF4ek02WGNsSjU4OTJFV0NjMitFY3RlRjAwTVYKVTJBUVV1TnM0TU5YVGxmV3ZqbktkTjRMQlk0VFZ1M1A5T3VDMFpIVVBtb1ZBQ0VET1dVRDFNOG9DcjVKczE5NwpnTEpQUnB4MHpkV2MxZkVHWWYrR3N5Qy9tbTA1RFZTeVJWV0UxWG8zMnVRNEpGNTUwZmNTWG9NSEJLRkNRZDFsCnU2am1Gc1BiWDF5NG1XU2M0WDgxbE9ZR3l2VXNkWnY2Mm52TTFBZFZvRHNPeGJzOXRSZ2lrR3dtYUdyYzFkM3UKSGxRaWlrMEd6SVdxRDhaVG9tNm5FY21RMnpzOXd2RnU4cnNKRmM2SXBTUks4Ykc0REprVlV4eXdZSWJPM2tGVgo4LzFCUUJVc2VHK1U4ZzNrSUZtMHNicnlvdmplN2U5UWY5VkprSHU5WklPWGxwajFnTmhNN1dsSFQxcTVzVEVlClRaenJHQklXbnNHQ2RMRkdMUy9vWUxRPQotLS0tLUVORCBDRVJUSUZJQ0FURS0tLS0tCg==",
                "client_key": "LS0tLS1CRUdJTiBSU0EgUFJJVkFURSBLRVktLS0tLQpNSUlKS0FJQkFBS0NBZ0VBb1Vmak1oRW13SmhaMjhRblYvcGZqMGxMU2NPOFNjemZuMGZaMldkRlYrb1luNkwwClltcFQxNkxUUHlGSHNHM3VubndzOHJHU1ZHUzZEVkhNektDSmYxRVhCaVBaMWhIU0RmclFKQjVSSVRnZUR1VlgKdGJPNnVGK29yRFROd3o2SHA2RkF0d0hLR1cwSmdIMFV5UzJyVDBCVDNya05NSnZ2WW9PNnl5QWNlTWdwbFJJegpxd2RQTS9UMDVUSGRYNTk3SnhoMEtLbGFiemZhRmNsOU1ZZytrOFpyL21GdFJidDJsU3VYR1JYQmIrdzBDcFlzCiswOEFxMUlFYnlscDZ1RnUycHB5SzQ3cUJZUnFrVG8yVUpQcnNEdkRmdmNTdVdyMDBDVUNGdXZHL2MxNkE3VXMKY29YeDNqQmZ4ZWkrMExNZmxXbVlTK0tFb0dtZHFmaVdDNTdtNEkvc2s4QVRLNVc3SU1hOGpObzJkUTBiTld6bwpaOFUvRE9kay8xSDFLd245dFhwdGk1Q1NaL0c0ZXk4VkMvR0lPTWR3TWlDM2dBUm4wK05VRmsvMzJQOUh6REgzCmcyU29uZ21LMGk1Q1Njanc0S3ZYeVlFZXMxRWs3dFljOWNxczREY2JYWEhnSHU4OVZwcGFtSkFWdDN0RkhZY3oKMUJKeDFWRlR1K05CR3MzY0ZTak5nRU5aY01KR2IyWGlIQ0xLM1NyTWtNNFNtT1VMcFF4YVN1c1Q4aVlsQjhBNgpaSmNEWWtSaE00emlYOVdVcEFHQjJCRThwR3hVRGxnZ2hwVzhIU0NsYTRhNTNtZUFYRHg1c3VmeFJMMUpndFNrClZuUzAvSncyWHlxYk1UVTBjOUxGdDcvbXZESFJBNGMyQnEzSElhcEdzNVNVd1JXVGlkNk5PZXE1cGljQ0F3RUEKQVFLQ0FnQWNsbEh5bjNDbmhibXp4eDZVTFJpQUhPVS84M1p0L0djTTVCNzh0cDNuZWVLWWRUbHRNbHlmSmNqYwo4VWkwUUtBaHJuQUhLcXQ5MHdiWmNvempIbmVRdmk1ZkU3NjZmNWtraWpjWGw5b1lrY3BlS0krMThPQWhheTlLCkt1Zm4raTd3YXhnOStBNjdHQVV0cGI0bjlMVGZUTTh3OU1zZU9SMmk4Q2VOZHFrbFRaRjFUMjhpR3g4U1hoS0UKaDZTdUhPWW01V0k5ak5zdlNJNmErd1o2WDZSNzdCbGJVeWlieWlFNFNxd3pNWlNDZ3JNc3h6YTg2dUY2L0lRMQpzZmtJdmFHNUZOUTAzVldrMmJaTC9LNEE5Vjg2OHpUeFRka2ZUWktNVEdzRTVoRDFEdFZZVCtaTGZHdUZUenpDCnAwRWZYQWkyb3F0d2svdWZOV2xSWmZNdXB5RlVGNDlNWG9uSE4vZDN6UFdRN0p6NUNsNkhZZkU1S3hJQ1BpOUYKS2dtUm4vVDkwN0pDWWQxdnRhSXdZNWFBVCtZNVI5NXBBZVZqVmttbnJRNmVOQUNrN3A2azN5bEN6alkwUU9vUwpGeVZjWi9UMVc3Ulgzd3pWTVljTUdyUUNTNkw2ODUyQ3AvaEdXZEg4c0lJMUlVMFR4c3Y0N29ZOGZHOTFCK0w4CitxNXhrVC9QZFRDbnpudGtmelZveDc1dWZ5dStuSHRmV0xJQXZJcFovTmhKY0k2YmdNalMwZDFRdDRpVHJWbTkKVjViWGx0d1U0aDg4YlRPeG5WK0l5RW93dm05OFR4ZUd0R2h6M1RBajZndDQxajhQSHNFbGxSWGNPQWo5bm1WVQpOb0dLN2hzQWN2Sk41MUhsVU9ueUxwbzZta09jeWx2U2k0SmNNZFRrdWhpVG05WFVkUUtDQVFFQXhjSXRPSkRUCnVDa0p6RE5OT09zeEtSazhmUTYvb0pGSnljM2sxOHBRb0ZXcE9nK1NmQmJzODFlMzRoT2tVODNJT2Y4RmcvWm4KYVVVSHhwd1NKeHdQR0poZjdWNCtJUTgzVmhmbm1Ua3FMSU14cE5SMWhvQW4rUWlCMFQxR1pOWHVUR3lUWEVOdQpubUFlTnhSK2l6c1gyVitSQ0xzUHRVbXR0UW5jUnNUZGxFRlpWWUFLM3RLS1FlY3RZNFRIcVFWbUtxRkRBa0VrCkdrWnV3SWVBSWJrN050WXBQcTBjTU92TnVhaVZNb1l2S2FIT29iUEx2YkRKcnUvNWtlQ0xxYUZBcTU1RXdsaVQKV1J0MFRrempWd3VGdlJqUVk0eGlFVC9qd3RTUjZ3Zko1R2lDVE5UbmljSDRhTmpOZEtMNVY3cDZCemFNMG1QTgpvOEhYK2djNWlCOU9Pd0tDQVFFQTBNZUNITzZXR3Zsd3Q2cDVDNHozaTNoVXRwVklYSDhEY3owNThLNDZFOVFQCnptNUJ6U2xkMjcrRFhSTEZ5UG52NVJUY2hWZDBJcWdNYjNFSjBoUG9ybzNDdWRCYXRROUgrbGtJZGQxUHdaa08Keko2eEM5T0JvUENuLzBqa2pLRjYwc1hWc3R6dXJpUlYzOHkzSXM5QUhQWFVYcXJ5VENySEo4RFRFWERPb3RDUgpLUnFCOWswcGpIWTRwcURaRXVJbXo5R29uSmhLeVpRUlRUMGczbkY5T0h6aHBHeG1vSEQxem5kMXlSV0Z4c2xnCkdMaEx3MVJZZ2N4RmhvZGIrU0tYU2xWc0tqN1hwelB5ZUthaktwbmljUHZnWDhNaTIyenpaaEpEL1p5UHhmNkUKd2ZjdmZRZ3pkd0dDVExOYXp6MldrY2g1NWpFVzl3dXNzU2g0Sm9wdEJRS0NBUUVBZ2kycFlQUU5Pc3hnODdmTgpuS3ROeURVaG1WME5EZUMyQnc3dkZwSEtjMUVRUGZVa1EyVkFBNHY1c3V1bEg3bDFsWi9uZkkvR1VRaXM3ck9zClMyeHdENHUya2VXWTFtQlMxK3lTZTAyakVud21RTS9Pc1lSSlMraXF0QmMyOElmVy94MzEveVV3ZXpiZ2pQZUQKdVpsandLYmxMUzhlVHdNNlF0TkQycDRiRWszV1JhOHMrTEwxYWg2SXhWc1JwNVN6UlZxMFpwYUU4bnJzeXZZbgpoWXVPakRGOEl4TUhYTGpNeXV0TGsxKzdTaGVHa3ZGdEsraGxTekFUUkZEZy92LzBOMFRQRkhRRVF3TU1rOEtQCllLeG9GQ3R5ZWlWZUpPYSt3bkQxd1JaMmMxSE1mRkVtUFl1ZlB6MkFPY2hTaE1wdks3SmdEdHE5OG85VzRmTEIKajNhMEl3S0NBUUJGYmJORkw4cFhHaEJ6NDRyeFhtV0x5ZTVSOFg3bzA0d3dMSEl5S1o1Q3JjaTcyMHFpa1ZrWApGSzc0cXA5L1lDNTR2ZUUvcm45K2J1Z0R2MUdHdlB3cDRCYWJlRUJSNmMwRDRjdkFkbUpwZlI3QXlSMFRVN2pOCjdublBtVXYzd0ZONStEUkNrTm9HcXlxcmpBWnkydnoxSklNRklGQUhLRXFtVzZkVkszQnNFSFBWZVcweW5TSnUKQlhwOVh3d1JEWWZlb0ZnMEN5a0RzK3UxQmRrQ1lEZEdLN0ZWM242YWFEWTEvTi84aU4yOTU0Vy9jcm92TU1ObQpGcW9nUEs5SFFFdVRlcWpIdTdJM2RqenlCbWhJYUhnM0htdlZMSzFRendCNk55VEpGK0Z2OUYzdHF1ZnQ2bVpDCjh3dUR1amsrcGJxR3JHWnRPSEhzb2NOQi9yVkdDODZKQW9JQkFBYzRvR0h4L3VVbmtUcFh1ZDE2ZHhVWTU0U2IKMjRocWtUVHNITGFFdUFRQkxmWTNuQlZtNG9KQ2lDSTRDUXNWMFA5K0dMT1FMc1hwaUU1VWgvbHFyQWZyR0VpcgpHQ0RibVVuc0FJei9sMzllNGpXNVlESk8yS3lGekhRdFUyaEw5Slltcm5tTDVKZ2h4a3lWL1lPdDhiNDNmMlByCk4xd1NRcHV6bXMzcy9wM2JuRTViSTYwVGprcWo3TCsyWW5oeFRiNlo5ZitJdS9VZVBidFBWd3dCTmpmTi95WGQKM3dsdXdsamdnUXhyeXR5RXNnRjZTWG9kM2VFMXBNd09jTFlXa0w0VDg4c1VlUWZWRURITW8xM3NEeWtEeXprRwpTSG5WQm1SKzBndnU0SmhaeGJ6OXYzZ2pYZHpzVnVibXlScFU1dDE0Vy9jZzEwTmlxdXU3RXR1WFBxTT0KLS0tLS1FTkQgUlNBIFBSSVZBVEUgS0VZLS0tLS0K",
                "cluster_ca_certificate": "LS0tLS1CRUdJTiBDRVJUSUZJQ0FURS0tLS0tCk1JSUU2VENDQXRHZ0F3SUJBZ0lSQU5kNmNFNmpQS1lKb3NOREFlcldHV0F3RFFZSktvWklodmNOQVFFTEJRQXcKRFRFTE1Ba0dBMVVFQXhNQ1kyRXdJQmNOTWpVd09EQTJNak16TlRFd1doZ1BNakExTlRBNE1EWXlNelExTVRCYQpNQTB4Q3pBSkJnTlZCQU1UQW1OaE1JSUNJakFOQmdrcWhraUc5dzBCQVFFRkFBT0NBZzhBTUlJQ0NnS0NBZ0VBCjRFaEI1SDNsejExRkZVeFNtY2RlN1c0anhzcVJDd290RmVkazBZNXhVbzNaZzJpZnUxS1Q2eVlRcnV1ckZ0QmQKbllLc3VFVElZTDRuek1hb0U2QkZzeXRYTGcwZlVmcDk3eXhxOVlsdUExRmZMK25XcVVjSDJIZ01NeTg1K3ZhRAplMCtDTGdRUkdaSFBIMUovR2RuUFd0WityT0ZaV2FVL1daVXF0a2h0UG8wY2EyNjRDMjhqQnVXcFJweTc1ZmsvCm5xejJ4MXBqRGpvRVBsemVlMmlLNWxCOW1XaFpyejliMUc4RktzLzlRbVRIalhJVmRaV2VXMEwrRVMwN2NtWG8KYXljVyttcWNNWTRGbjk5OGMzWm5FWjAvdFAyM2dNS25CQTN4UDFEZ0JoTlBiZnJibGFGcXd5UVBzL014dHUzUwpBemJWWWZNSFBzM294NERWWEtJNm4zQXlyRTNXMUs5Y3UxV1hlWG5YL3F3blpXb0JwV0FzMXV0UHJaU2tIR0JSCmV1bllsWnNidktuQzBWL2JySEtoLy9pMXV1MGJ4WFc1NWova0VacjNFeHFRMC9WTnZjUEh3Z2IxM2VPWGR2VWMKUUZkYmlObmlmQmo0dVhhSHg4MW5ZSnBxL3UxL2dNSnpUbCtnVEtrWDhhSktURDM4cXNDMTVzWEMxODdCd3VlNQplbnRtQ2gwWTAyM0N5QWYxWkVNOTlHaS9MOGo4WUNDMzhrNHk3M3lHN3FsdUtLTzlKdnRHZW5kSi9NQVZrbWJPCjVaYm9UekQyOU51cjc4OXBIc2lpc0JEWldMQ3VXY0ZrdlQ4VlFTaExTVUZZNHcrRWFNQWVTMTdFVFU1SnkwNEsKbEd6Z0plN2xTUzBma3dVbDlNbjR4RlIxbFBaZFBnZEYrYWwwYUFrNFkxMENBd0VBQWFOQ01FQXdEZ1lEVlIwUApBUUgvQkFRREFnS2tNQThHQTFVZEV3RUIvd1FGTUFNQkFmOHdIUVlEVlIwT0JCWUVGSldmRmUwY2tyUW92TUQ1CjFQRmFVOWR6R3pKa01BMEdDU3FHU0liM0RRRUJDd1VBQTRJQ0FRRFBteG1DS0tYMWwvbnJ5SUMrV0M5dkx2Um0KdjFSTzVTYndocmxqKzF4UzgwTzlsaGJMV1lmR3FNaEYzSjZMbXFlMGxWenFiSndMWnBmVTJrOGxxTEFZeHVCVgphd0pPaHRadUIzSEJuVVZtcWRqeWszVFZIR3BuMFRaZndsSHRlalBhblluWS9LdVdDSC9Zb3M3TlhWRU5GT0trCkgwY2ZZYXo3Uy9PdjhZQlVKTFVUaE9PbDNzRWlwWTFlVlRjL1ZpQjBLWlVoYjc2SEVTVDM2M3VmZS9HZ0pHVzIKSWVMNDBQNzA4bmcrVnhydnA1ZFBYdUMwUVN4d084TWgvaFdTK1pjbW5MWTh0UnlyenEzRXZaWmNlL08vMDRQMwp3UnRobXF6eWdqRmF3NjhXV1dyMysyYkNxVmF6SjJLOUhDSnp2SS9GOW5kYkFPY084UkRIaWJGd0V4ZlZ4cW5yCm9TUFNrazNvRCt2dW5Fc0Rzd2ZQU1lqVHZkNUs2ODZWMEhYQkJLb0RrOW9RZjg4NHZuUnArQ1M5MnQ2ZUFlQ20Kb0xKWWpuVjdvUUtucVhqSWFvS1g2S0F1SGFoUUZZOG5CRmp5MFJra2dZMWtmUVNRRFVhU3RHczhQU2YzWEo5OQoyME5tVU5ia0cvdDQ1MTVnUXFZUmJZc0t5ODFvWXVDVEhhcnFpeTYyL2dMMktDVEFacWVFa2tNWXVvZ3BTUVFqClZoVEsvRGt6bk9ZNnR2ZHE2WVhpWGdNdzdpRFMrSTJlUUtub2Era2dpdnRoRlR5N3VpOGc1WEpLanRRTzVob2IKRzlldEdiZGhrem4rUDBRVTN6S1hDbUpKVStMSHJzNTJMVHNvcFYvYUFqbWJaMm1MQXhXL0lZVkEzY2lTdzR0OApyYUtPLzZRamQyTWVjZ3Y0WWc9PQotLS0tLUVORCBDRVJUSUZJQ0FURS0tLS0tCg==",
                "host": "https://challenge-6ijn6krl.hcp.eastus.azmk8s.io:443",
                "password": "zx69g973mjxlipvj00a0pk14sftswvwy2nushknxmym4yebfnu4t1pj9ofjc0eignw7a9ydb7omhvfmpqhqmrgb0ihehdew9fqjlq1ijhq4ok3olhasfmilueb8scnck",
                "username": "clusterUser_challenge_challenge"
              }
            ],
            "kube_config_raw": "apiVersion: v1\nclusters:\n- cluster:\n    certificate-authority-data: LS0tLS1CRUdJTiBDRVJUSUZJQ0FURS0tLS0tCk1JSUU2VENDQXRHZ0F3SUJBZ0lSQU5kNmNFNmpQS1lKb3NOREFlcldHV0F3RFFZSktvWklodmNOQVFFTEJRQXcKRFRFTE1Ba0dBMVVFQXhNQ1kyRXdJQmNOTWpVd09EQTJNak16TlRFd1doZ1BNakExTlRBNE1EWXlNelExTVRCYQpNQTB4Q3pBSkJnTlZCQU1UQW1OaE1JSUNJakFOQmdrcWhraUc5dzBCQVFFRkFBT0NBZzhBTUlJQ0NnS0NBZ0VBCjRFaEI1SDNsejExRkZVeFNtY2RlN1c0anhzcVJDd290RmVkazBZNXhVbzNaZzJpZnUxS1Q2eVlRcnV1ckZ0QmQKbllLc3VFVElZTDRuek1hb0U2QkZzeXRYTGcwZlVmcDk3eXhxOVlsdUExRmZMK25XcVVjSDJIZ01NeTg1K3ZhRAplMCtDTGdRUkdaSFBIMUovR2RuUFd0WityT0ZaV2FVL1daVXF0a2h0UG8wY2EyNjRDMjhqQnVXcFJweTc1ZmsvCm5xejJ4MXBqRGpvRVBsemVlMmlLNWxCOW1XaFpyejliMUc4RktzLzlRbVRIalhJVmRaV2VXMEwrRVMwN2NtWG8KYXljVyttcWNNWTRGbjk5OGMzWm5FWjAvdFAyM2dNS25CQTN4UDFEZ0JoTlBiZnJibGFGcXd5UVBzL014dHUzUwpBemJWWWZNSFBzM294NERWWEtJNm4zQXlyRTNXMUs5Y3UxV1hlWG5YL3F3blpXb0JwV0FzMXV0UHJaU2tIR0JSCmV1bllsWnNidktuQzBWL2JySEtoLy9pMXV1MGJ4WFc1NWova0VacjNFeHFRMC9WTnZjUEh3Z2IxM2VPWGR2VWMKUUZkYmlObmlmQmo0dVhhSHg4MW5ZSnBxL3UxL2dNSnpUbCtnVEtrWDhhSktURDM4cXNDMTVzWEMxODdCd3VlNQplbnRtQ2gwWTAyM0N5QWYxWkVNOTlHaS9MOGo4WUNDMzhrNHk3M3lHN3FsdUtLTzlKdnRHZW5kSi9NQVZrbWJPCjVaYm9UekQyOU51cjc4OXBIc2lpc0JEWldMQ3VXY0ZrdlQ4VlFTaExTVUZZNHcrRWFNQWVTMTdFVFU1SnkwNEsKbEd6Z0plN2xTUzBma3dVbDlNbjR4RlIxbFBaZFBnZEYrYWwwYUFrNFkxMENBd0VBQWFOQ01FQXdEZ1lEVlIwUApBUUgvQkFRREFnS2tNQThHQTFVZEV3RUIvd1FGTUFNQkFmOHdIUVlEVlIwT0JCWUVGSldmRmUwY2tyUW92TUQ1CjFQRmFVOWR6R3pKa01BMEdDU3FHU0liM0RRRUJDd1VBQTRJQ0FRRFBteG1DS0tYMWwvbnJ5SUMrV0M5dkx2Um0KdjFSTzVTYndocmxqKzF4UzgwTzlsaGJMV1lmR3FNaEYzSjZMbXFlMGxWenFiSndMWnBmVTJrOGxxTEFZeHVCVgphd0pPaHRadUIzSEJuVVZtcWRqeWszVFZIR3BuMFRaZndsSHRlalBhblluWS9LdVdDSC9Zb3M3TlhWRU5GT0trCkgwY2ZZYXo3Uy9PdjhZQlVKTFVUaE9PbDNzRWlwWTFlVlRjL1ZpQjBLWlVoYjc2SEVTVDM2M3VmZS9HZ0pHVzIKSWVMNDBQNzA4bmcrVnhydnA1ZFBYdUMwUVN4d084TWgvaFdTK1pjbW5MWTh0UnlyenEzRXZaWmNlL08vMDRQMwp3UnRobXF6eWdqRmF3NjhXV1dyMysyYkNxVmF6SjJLOUhDSnp2SS9GOW5kYkFPY084UkRIaWJGd0V4ZlZ4cW5yCm9TUFNrazNvRCt2dW5Fc0Rzd2ZQU1lqVHZkNUs2ODZWMEhYQkJLb0RrOW9RZjg4NHZuUnArQ1M5MnQ2ZUFlQ20Kb0xKWWpuVjdvUUtucVhqSWFvS1g2S0F1SGFoUUZZOG5CRmp5MFJra2dZMWtmUVNRRFVhU3RHczhQU2YzWEo5OQoyME5tVU5ia0cvdDQ1MTVnUXFZUmJZc0t5ODFvWXVDVEhhcnFpeTYyL2dMMktDVEFacWVFa2tNWXVvZ3BTUVFqClZoVEsvRGt6bk9ZNnR2ZHE2WVhpWGdNdzdpRFMrSTJlUUtub2Era2dpdnRoRlR5N3VpOGc1WEpLanRRTzVob2IKRzlldEdiZGhrem4rUDBRVTN6S1hDbUpKVStMSHJzNTJMVHNvcFYvYUFqbWJaMm1MQXhXL0lZVkEzY2lTdzR0OApyYUtPLzZRamQyTWVjZ3Y0WWc9PQotLS0tLUVORCBDRVJUSUZJQ0FURS0tLS0tCg==\n    server: https://challenge-6ijn6krl.hcp.eastus.azmk8s.io:443\n  name: challenge\ncontexts:\n- context:\n    cluster: challenge\n    user: clusterUser_challenge_challenge\n  name: challenge\ncurrent-context: challenge\nkind: Config\npreferences: {}\nusers:\n- name: clusterUser_challenge_challenge\n  user:\n    client-certificate-data: LS0tLS1CRUdJTiBDRVJUSUZJQ0FURS0tLS0tCk1JSUZIVENDQXdXZ0F3SUJBZ0lRYm52VHRIKy9qcDBmR3JtUFQ2cHh2ekFOQmdrcWhraUc5dzBCQVFzRkFEQU4KTVFzd0NRWURWUVFERXdKallUQWVGdzB5TlRBNE1EWXlNek0xTVRCYUZ3MHlOekE0TURZeU16UTFNVEJhTURBeApGekFWQmdOVkJBb1REbk41YzNSbGJUcHRZWE4wWlhKek1SVXdFd1lEVlFRREV3eHRZWE4wWlhKamJHbGxiblF3CmdnSWlNQTBHQ1NxR1NJYjNEUUVCQVFVQUE0SUNEd0F3Z2dJS0FvSUNBUUNoUitNeUVTYkFtRm5ieENkWCtsK1AKU1V0Snc3eEp6TitmUjluWlowVlg2aGlmb3ZSaWFsUFhvdE0vSVVld2JlNmVmQ3p5c1pKVVpMb05VY3pNb0lsLwpVUmNHSTluV0VkSU4rdEFrSGxFaE9CNE81VmUxczdxNFg2aXNOTTNEUG9lbm9VQzNBY29aYlFtQWZSVEpMYXRQClFGUGV1UTB3bSs5aWc3ckxJQng0eUNtVkVqT3JCMDh6OVBUbE1kMWZuM3NuR0hRb3FWcHZOOW9WeVgweGlENlQKeG12K1lXMUZ1M2FWSzVjWkZjRnY3RFFLbGl6N1R3Q3JVZ1J2S1ducTRXN2FtbklyanVvRmhHcVJPalpRayt1dwpPOE4rOXhLNWF2VFFKUUlXNjhiOXpYb0R0U3h5aGZIZU1GL0Y2TDdRc3grVmFaaEw0b1NnYVoycCtKWUxudWJnCmoreVR3Qk1ybGJzZ3hyeU0yaloxRFJzMWJPaG54VDhNNTJUL1VmVXJDZjIxZW0yTGtKSm44Ymg3THhVTDhZZzQKeDNBeUlMZUFCR2ZUNDFRV1QvZlkvMGZNTWZlRFpLaWVDWXJTTGtKSnlQRGdxOWZKZ1I2elVTVHUxaHoxeXF6ZwpOeHRkY2VBZTd6MVdtbHFZa0JXM2UwVWRoelBVRW5IVlVWTzc0MEVhemR3VktNMkFRMWx3d2tadlplSWNJc3JkCktzeVF6aEtZNVF1bERGcEs2eFB5SmlVSHdEcGtsd05pUkdFempPSmYxWlNrQVlIWUVUeWtiRlFPV0NDR2xid2QKSUtWcmhybmVaNEJjUEhteTUvRkV2VW1DMUtSV2RMVDhuRFpmS3BzeE5UUnowc1czdithOE1kRURoellHcmNjaApxa2F6bEpUQkZaT0ozbzA1NnJtbUp3SURBUUFCbzFZd1ZEQU9CZ05WSFE4QkFmOEVCQU1DQmFBd0V3WURWUjBsCkJBd3dDZ1lJS3dZQkJRVUhBd0l3REFZRFZSMFRBUUgvQkFJd0FEQWZCZ05WSFNNRUdEQVdnQlNWbnhYdEhKSzAKS0x6QStkVHhXbFBYY3hzeVpEQU5CZ2txaGtpRzl3MEJBUXNGQUFPQ0FnRUFhNVFwWVdldm15WG5WOW1XMC9wYwozTkV0c3F4WThlRTZxUGNMcENpQjdVbjhreXlKS2ttWVo3TmQvQXNXWEZ2dmcxbDIranVYVXpWYnhMR3ZDeTNJCmorVDJYcFZQQlovTVN2a3p4cUxQSFRSTCtCdjJRN0laMk9XODJHUzhpcHBOcExFVFRycCtPNFZ2T3V1Szhxem8KTjdLSkJRTVNNdWVlUWRnZ2hHczBsSFVqdUhnbkVid002UGlVTjRzTGs5ZlRtK0xJMDFNTXE3SHpIZ1dMVmJxOAo2U1VqQ0Vrdmp0Q01pNUJ6MHpLbFJtSkptTzRUU0xKam1RWmdlaVQ4RC9HUjZLejE5aXUyOXB0aEFWRkJ2eVNECjRMcUI5Vzhhbi9pRm92WG51cmV0dUpLK3A1c3o4c214cGNydnF4ek02WGNsSjU4OTJFV0NjMitFY3RlRjAwTVYKVTJBUVV1TnM0TU5YVGxmV3ZqbktkTjRMQlk0VFZ1M1A5T3VDMFpIVVBtb1ZBQ0VET1dVRDFNOG9DcjVKczE5NwpnTEpQUnB4MHpkV2MxZkVHWWYrR3N5Qy9tbTA1RFZTeVJWV0UxWG8zMnVRNEpGNTUwZmNTWG9NSEJLRkNRZDFsCnU2am1Gc1BiWDF5NG1XU2M0WDgxbE9ZR3l2VXNkWnY2Mm52TTFBZFZvRHNPeGJzOXRSZ2lrR3dtYUdyYzFkM3UKSGxRaWlrMEd6SVdxRDhaVG9tNm5FY21RMnpzOXd2RnU4cnNKRmM2SXBTUks4Ykc0REprVlV4eXdZSWJPM2tGVgo4LzFCUUJVc2VHK1U4ZzNrSUZtMHNicnlvdmplN2U5UWY5VkprSHU5WklPWGxwajFnTmhNN1dsSFQxcTVzVEVlClRaenJHQklXbnNHQ2RMRkdMUy9vWUxRPQotLS0tLUVORCBDRVJUSUZJQ0FURS0tLS0tCg==\n    client-key-data: LS0tLS1CRUdJTiBSU0EgUFJJVkFURSBLRVktLS0tLQpNSUlKS0FJQkFBS0NBZ0VBb1Vmak1oRW13SmhaMjhRblYvcGZqMGxMU2NPOFNjemZuMGZaMldkRlYrb1luNkwwClltcFQxNkxUUHlGSHNHM3VubndzOHJHU1ZHUzZEVkhNektDSmYxRVhCaVBaMWhIU0RmclFKQjVSSVRnZUR1VlgKdGJPNnVGK29yRFROd3o2SHA2RkF0d0hLR1cwSmdIMFV5UzJyVDBCVDNya05NSnZ2WW9PNnl5QWNlTWdwbFJJegpxd2RQTS9UMDVUSGRYNTk3SnhoMEtLbGFiemZhRmNsOU1ZZytrOFpyL21GdFJidDJsU3VYR1JYQmIrdzBDcFlzCiswOEFxMUlFYnlscDZ1RnUycHB5SzQ3cUJZUnFrVG8yVUpQcnNEdkRmdmNTdVdyMDBDVUNGdXZHL2MxNkE3VXMKY29YeDNqQmZ4ZWkrMExNZmxXbVlTK0tFb0dtZHFmaVdDNTdtNEkvc2s4QVRLNVc3SU1hOGpObzJkUTBiTld6bwpaOFUvRE9kay8xSDFLd245dFhwdGk1Q1NaL0c0ZXk4VkMvR0lPTWR3TWlDM2dBUm4wK05VRmsvMzJQOUh6REgzCmcyU29uZ21LMGk1Q1Njanc0S3ZYeVlFZXMxRWs3dFljOWNxczREY2JYWEhnSHU4OVZwcGFtSkFWdDN0RkhZY3oKMUJKeDFWRlR1K05CR3MzY0ZTak5nRU5aY01KR2IyWGlIQ0xLM1NyTWtNNFNtT1VMcFF4YVN1c1Q4aVlsQjhBNgpaSmNEWWtSaE00emlYOVdVcEFHQjJCRThwR3hVRGxnZ2hwVzhIU0NsYTRhNTNtZUFYRHg1c3VmeFJMMUpndFNrClZuUzAvSncyWHlxYk1UVTBjOUxGdDcvbXZESFJBNGMyQnEzSElhcEdzNVNVd1JXVGlkNk5PZXE1cGljQ0F3RUEKQVFLQ0FnQWNsbEh5bjNDbmhibXp4eDZVTFJpQUhPVS84M1p0L0djTTVCNzh0cDNuZWVLWWRUbHRNbHlmSmNqYwo4VWkwUUtBaHJuQUhLcXQ5MHdiWmNvempIbmVRdmk1ZkU3NjZmNWtraWpjWGw5b1lrY3BlS0krMThPQWhheTlLCkt1Zm4raTd3YXhnOStBNjdHQVV0cGI0bjlMVGZUTTh3OU1zZU9SMmk4Q2VOZHFrbFRaRjFUMjhpR3g4U1hoS0UKaDZTdUhPWW01V0k5ak5zdlNJNmErd1o2WDZSNzdCbGJVeWlieWlFNFNxd3pNWlNDZ3JNc3h6YTg2dUY2L0lRMQpzZmtJdmFHNUZOUTAzVldrMmJaTC9LNEE5Vjg2OHpUeFRka2ZUWktNVEdzRTVoRDFEdFZZVCtaTGZHdUZUenpDCnAwRWZYQWkyb3F0d2svdWZOV2xSWmZNdXB5RlVGNDlNWG9uSE4vZDN6UFdRN0p6NUNsNkhZZkU1S3hJQ1BpOUYKS2dtUm4vVDkwN0pDWWQxdnRhSXdZNWFBVCtZNVI5NXBBZVZqVmttbnJRNmVOQUNrN3A2azN5bEN6alkwUU9vUwpGeVZjWi9UMVc3Ulgzd3pWTVljTUdyUUNTNkw2ODUyQ3AvaEdXZEg4c0lJMUlVMFR4c3Y0N29ZOGZHOTFCK0w4CitxNXhrVC9QZFRDbnpudGtmelZveDc1dWZ5dStuSHRmV0xJQXZJcFovTmhKY0k2YmdNalMwZDFRdDRpVHJWbTkKVjViWGx0d1U0aDg4YlRPeG5WK0l5RW93dm05OFR4ZUd0R2h6M1RBajZndDQxajhQSHNFbGxSWGNPQWo5bm1WVQpOb0dLN2hzQWN2Sk41MUhsVU9ueUxwbzZta09jeWx2U2k0SmNNZFRrdWhpVG05WFVkUUtDQVFFQXhjSXRPSkRUCnVDa0p6RE5OT09zeEtSazhmUTYvb0pGSnljM2sxOHBRb0ZXcE9nK1NmQmJzODFlMzRoT2tVODNJT2Y4RmcvWm4KYVVVSHhwd1NKeHdQR0poZjdWNCtJUTgzVmhmbm1Ua3FMSU14cE5SMWhvQW4rUWlCMFQxR1pOWHVUR3lUWEVOdQpubUFlTnhSK2l6c1gyVitSQ0xzUHRVbXR0UW5jUnNUZGxFRlpWWUFLM3RLS1FlY3RZNFRIcVFWbUtxRkRBa0VrCkdrWnV3SWVBSWJrN050WXBQcTBjTU92TnVhaVZNb1l2S2FIT29iUEx2YkRKcnUvNWtlQ0xxYUZBcTU1RXdsaVQKV1J0MFRrempWd3VGdlJqUVk0eGlFVC9qd3RTUjZ3Zko1R2lDVE5UbmljSDRhTmpOZEtMNVY3cDZCemFNMG1QTgpvOEhYK2djNWlCOU9Pd0tDQVFFQTBNZUNITzZXR3Zsd3Q2cDVDNHozaTNoVXRwVklYSDhEY3owNThLNDZFOVFQCnptNUJ6U2xkMjcrRFhSTEZ5UG52NVJUY2hWZDBJcWdNYjNFSjBoUG9ybzNDdWRCYXRROUgrbGtJZGQxUHdaa08Keko2eEM5T0JvUENuLzBqa2pLRjYwc1hWc3R6dXJpUlYzOHkzSXM5QUhQWFVYcXJ5VENySEo4RFRFWERPb3RDUgpLUnFCOWswcGpIWTRwcURaRXVJbXo5R29uSmhLeVpRUlRUMGczbkY5T0h6aHBHeG1vSEQxem5kMXlSV0Z4c2xnCkdMaEx3MVJZZ2N4RmhvZGIrU0tYU2xWc0tqN1hwelB5ZUthaktwbmljUHZnWDhNaTIyenpaaEpEL1p5UHhmNkUKd2ZjdmZRZ3pkd0dDVExOYXp6MldrY2g1NWpFVzl3dXNzU2g0Sm9wdEJRS0NBUUVBZ2kycFlQUU5Pc3hnODdmTgpuS3ROeURVaG1WME5EZUMyQnc3dkZwSEtjMUVRUGZVa1EyVkFBNHY1c3V1bEg3bDFsWi9uZkkvR1VRaXM3ck9zClMyeHdENHUya2VXWTFtQlMxK3lTZTAyakVud21RTS9Pc1lSSlMraXF0QmMyOElmVy94MzEveVV3ZXpiZ2pQZUQKdVpsandLYmxMUzhlVHdNNlF0TkQycDRiRWszV1JhOHMrTEwxYWg2SXhWc1JwNVN6UlZxMFpwYUU4bnJzeXZZbgpoWXVPakRGOEl4TUhYTGpNeXV0TGsxKzdTaGVHa3ZGdEsraGxTekFUUkZEZy92LzBOMFRQRkhRRVF3TU1rOEtQCllLeG9GQ3R5ZWlWZUpPYSt3bkQxd1JaMmMxSE1mRkVtUFl1ZlB6MkFPY2hTaE1wdks3SmdEdHE5OG85VzRmTEIKajNhMEl3S0NBUUJGYmJORkw4cFhHaEJ6NDRyeFhtV0x5ZTVSOFg3bzA0d3dMSEl5S1o1Q3JjaTcyMHFpa1ZrWApGSzc0cXA5L1lDNTR2ZUUvcm45K2J1Z0R2MUdHdlB3cDRCYWJlRUJSNmMwRDRjdkFkbUpwZlI3QXlSMFRVN2pOCjdublBtVXYzd0ZONStEUkNrTm9HcXlxcmpBWnkydnoxSklNRklGQUhLRXFtVzZkVkszQnNFSFBWZVcweW5TSnUKQlhwOVh3d1JEWWZlb0ZnMEN5a0RzK3UxQmRrQ1lEZEdLN0ZWM242YWFEWTEvTi84aU4yOTU0Vy9jcm92TU1ObQpGcW9nUEs5SFFFdVRlcWpIdTdJM2RqenlCbWhJYUhnM0htdlZMSzFRendCNk55VEpGK0Z2OUYzdHF1ZnQ2bVpDCjh3dUR1amsrcGJxR3JHWnRPSEhzb2NOQi9yVkdDODZKQW9JQkFBYzRvR0h4L3VVbmtUcFh1ZDE2ZHhVWTU0U2IKMjRocWtUVHNITGFFdUFRQkxmWTNuQlZtNG9KQ2lDSTRDUXNWMFA5K0dMT1FMc1hwaUU1VWgvbHFyQWZyR0VpcgpHQ0RibVVuc0FJei9sMzllNGpXNVlESk8yS3lGekhRdFUyaEw5Slltcm5tTDVKZ2h4a3lWL1lPdDhiNDNmMlByCk4xd1NRcHV6bXMzcy9wM2JuRTViSTYwVGprcWo3TCsyWW5oeFRiNlo5ZitJdS9VZVBidFBWd3dCTmpmTi95WGQKM3dsdXdsamdnUXhyeXR5RXNnRjZTWG9kM2VFMXBNd09jTFlXa0w0VDg4c1VlUWZWRURITW8xM3NEeWtEeXprRwpTSG5WQm1SKzBndnU0SmhaeGJ6OXYzZ2pYZHpzVnVibXlScFU1dDE0Vy9jZzEwTmlxdXU3RXR1WFBxTT0KLS0tLS1FTkQgUlNBIFBSSVZBVEUgS0VZLS0tLS0K\n    token: zx69g973mjxlipvj00a0pk14sftswvwy2nushknxmym4yebfnu4t1pj9ofjc0eignw7a9ydb7omhvfmpqhqmrgb0ihehdew9fqjlq1ijhq4ok3olhasfmilueb8scnck\n",
            "kubelet_identity": [
              {
                "client_id": "9e79f685-b122-4c81-8d09-936838dafb8d",
                "object_id": "a5c2d16d-683a-46d0-aa28-6c1be8ac3ff6",
                "user_assigned_identity_id": "/subscriptions/f4b29925-415a-4506-8a73-6992820c05bb/resourceGroups/MC_challenge_challenge_eastus/providers/Microsoft.ManagedIdentity/userAssignedIdentities/challenge-agentpool"
              }
            ],
            "kubernetes_version": "1.33",
            "linux_profile": [],
            "local_account_disabled": false,
            "location": "eastus",
            "maintenance_window": [],
            "maintenance_window_auto_upgrade": [],
            "maintenance_window_node_os": [],
            "microsoft_defender": [],
            "monitor_metrics": [],
            "name": "challenge",
            "network_profile": [
              {
                "dns_service_ip": "10.0.0.10",
                "ip_versions": [
                  "IPv4"
                ],
                "load_balancer_profile": [
                  {
                    "backend_pool_type": "NodeIPConfiguration",
                    "effective_outbound_ips": [
                      "/subscriptions/f4b29925-415a-4506-8a73-6992820c05bb/resourceGroups/MC_challenge_challenge_eastus/providers/Microsoft.Network/publicIPAddresses/b1c21a07-2914-4c2e-8f99-d6aa4dfa489a"
                    ],
                    "idle_timeout_in_minutes": 0,
                    "managed_outbound_ip_count": 1,
                    "managed_outbound_ipv6_count": 0,
                    "outbound_ip_address_ids": [],
                    "outbound_ip_prefix_ids": [],
                    "outbound_ports_allocated": 0
                  }
                ],
                "load_balancer_sku": "standard",
                "nat_gateway_profile": [],
                "network_data_plane": "cilium",
                "network_mode": "transparent",
                "network_plugin": "azure",
                "network_plugin_mode": "overlay",
                "network_policy": "cilium",
                "outbound_type": "loadBalancer",
                "pod_cidr": "10.244.0.0/16",
                "pod_cidrs": [
                  "10.244.0.0/16"
                ],
                "service_cidr": "10.0.0.0/16",
                "service_cidrs": [
                  "10.0.0.0/16"
                ]
              }
            ],
            "node_os_upgrade_channel": "NodeImage",
            "node_resource_group": "MC_challenge_challenge_eastus",
            "node_resource_group_id": "/subscriptions/f4b29925-415a-4506-8a73-6992820c05bb/resourceGroups/MC_challenge_challenge_eastus",
            "oidc_issuer_enabled": true,
            "oidc_issuer_url": "https://eastus.oic.prod-aks.azure.com/7f2c7ba5-f094-4dc0-b9b8-dcd2a3d30721/9e6fa106-b32b-49e0-8998-cd7f77799a79/",
            "oms_agent": [],
            "open_service_mesh_enabled": null,
            "portal_fqdn": "challenge-6ijn6krl.portal.hcp.eastus.azmk8s.io",
            "private_cluster_enabled": false,
            "private_cluster_public_fqdn_enabled": false,
            "private_dns_zone_id": "",
            "private_fqdn": "",
            "resource_group_name": "challenge",
            "role_based_access_control_enabled": true,
            "run_command_enabled": true,
            "service_mesh_profile": [],
            "service_principal": [],
            "sku_tier": "Free",
            "storage_profile": [],
            "support_plan": "KubernetesOfficial",
            "tags": {},
            "timeouts": null,
            "upgrade_override": [],
            "web_app_routing": [],
            "windows_profile": [
              {
                "admin_password": "",
                "admin_username": "azureuser",
                "gmsa": [],
                "license": ""
              }
            ],
            "workload_autoscaler_profile": [],
            "workload_identity_enabled": true
          },
          "sensitive_attributes": [
            [
              {
                "type": "get_attr",
                "value": "kube_admin_config"
              }
            ],
            [
              {
                "type": "get_attr",
                "value": "kube_admin_config_raw"
              }
            ],
            [
              {
                "type": "get_attr",
                "value": "kube_config"
              }
            ],
            [
              {
                "type": "get_attr",
                "value": "kube_config_raw"
              }
            ],
            [
              {
                "type": "get_attr",
                "value": "windows_profile"
              },
              {
                "type": "index",
                "value": {
                  "value": 0,
                  "type": "number"
                }
              },
              {
                "type": "get_attr",
                "value": "admin_password"
              }
            ]
          ],
          "identity_schema_version": 0,
          "private": "eyJlMmJmYjczMC1lY2FhLTExZTYtOGY4OC0zNDM2M2JjN2M0YzAiOnsiY3JlYXRlIjo1NDAwMDAwMDAwMDAwLCJkZWxldGUiOjU0MDAwMDAwMDAwMDAsInJlYWQiOjMwMDAwMDAwMDAwMCwidXBkYXRlIjo1NDAwMDAwMDAwMDAwfSwic2NoZW1hX3ZlcnNpb24iOiIyIn0=",
          "dependencies": [
            "module.aks.azurerm_resource_group.aks_lab",
            "module.aks.azurerm_subnet.aks_subnet",
            "module.aks.azurerm_virtual_network.vnet"
          ]
        }
      ]
    },
    {
      "module": "module.aks",
      "mode": "managed",
      "type": "azurerm_resource_group",
      "name": "aks_lab",
      "provider": "module.aks.provider[\"registry.terraform.io/hashicorp/azurerm\"]",
      "instances": [
        {
          "schema_version": 0,
          "attributes": {
            "id": "/subscriptions/f4b29925-415a-4506-8a73-6992820c05bb/resourceGroups/challenge",
            "location": "eastus",
            "managed_by": "",
            "name": "challenge",
            "tags": {},
            "timeouts": null
          },
          "sensitive_attributes": [],
          "identity_schema_version": 0,
          "private": "eyJlMmJmYjczMC1lY2FhLTExZTYtOGY4OC0zNDM2M2JjN2M0YzAiOnsiY3JlYXRlIjo1NDAwMDAwMDAwMDAwLCJkZWxldGUiOjU0MDAwMDAwMDAwMDAsInJlYWQiOjMwMDAwMDAwMDAwMCwidXBkYXRlIjo1NDAwMDAwMDAwMDAwfX0="
        }
      ]
    },
    {
      "module": "module.aks",
      "mode": "managed",
      "type": "azurerm_role_assignment",
      "name": "aks_rg_reader",
      "provider": "module.aks.provider[\"registry.terraform.io/hashicorp/azurerm\"]",
      "instances": [
        {
          "schema_version": 0,
          "attributes": {
            "condition": "",
            "condition_version": "",
            "delegated_managed_identity_resource_id": "",
            "description": "",
            "id": "/subscriptions/f4b29925-415a-4506-8a73-6992820c05bb/resourceGroups/MC_challenge_challenge_eastus/providers/Microsoft.Authorization/roleAssignments/04f3f1f1-7825-2bf6-ce91-a6f7ee4844aa",
            "name": "04f3f1f1-7825-2bf6-ce91-a6f7ee4844aa",
            "principal_id": "b21537bb-81b7-4e6f-9a60-afe4e74ce1ec",
            "principal_type": "ServicePrincipal",
            "role_definition_id": "/subscriptions/f4b29925-415a-4506-8a73-6992820c05bb/providers/Microsoft.Authorization/roleDefinitions/acdd72a7-3385-48ef-bd42-f606fba81ae7",
            "role_definition_name": "Reader",
            "scope": "/subscriptions/f4b29925-415a-4506-8a73-6992820c05bb/resourceGroups/MC_challenge_challenge_eastus",
            "skip_service_principal_aad_check": null,
            "timeouts": null
          },
          "sensitive_attributes": [],
          "identity_schema_version": 0,
          "private": "eyJlMmJmYjczMC1lY2FhLTExZTYtOGY4OC0zNDM2M2JjN2M0YzAiOnsiY3JlYXRlIjoxODAwMDAwMDAwMDAwLCJkZWxldGUiOjE4MDAwMDAwMDAwMDAsInJlYWQiOjMwMDAwMDAwMDAwMH19",
          "dependencies": [
            "module.aks.azurerm_kubernetes_cluster.aks_lab",
            "module.aks.azurerm_resource_group.aks_lab",
            "module.aks.azurerm_subnet.aks_subnet",
            "module.aks.azurerm_user_assigned_identity.alb_identity",
            "module.aks.azurerm_virtual_network.vnet"
          ]
        }
      ]
    },
    {
      "module": "module.aks",
      "mode": "managed",
      "type": "azurerm_role_assignment",
      "name": "alb_cfg_mgr",
      "provider": "module.aks.provider[\"registry.terraform.io/hashicorp/azurerm\"]",
      "instances": [
        {
          "schema_version": 0,
          "attributes": {
            "condition": "",
            "condition_version": "",
            "delegated_managed_identity_resource_id": "",
            "description": "",
            "id": "/subscriptions/f4b29925-415a-4506-8a73-6992820c05bb/resourceGroups/challenge/providers/Microsoft.Authorization/roleAssignments/3d6f3b74-2537-6171-757e-cf352a8cce29",
            "name": "3d6f3b74-2537-6171-757e-cf352a8cce29",
            "principal_id": "b21537bb-81b7-4e6f-9a60-afe4e74ce1ec",
            "principal_type": "ServicePrincipal",
            "role_definition_id": "/subscriptions/f4b29925-415a-4506-8a73-6992820c05bb/providers/Microsoft.Authorization/roleDefinitions/fbc52c3f-28ad-4303-a892-8a056630b8f1",
            "role_definition_name": "AppGw for Containers Configuration Manager",
            "scope": "/subscriptions/f4b29925-415a-4506-8a73-6992820c05bb/resourceGroups/challenge",
            "skip_service_principal_aad_check": null,
            "timeouts": null
          },
          "sensitive_attributes": [],
          "identity_schema_version": 0,
          "private": "eyJlMmJmYjczMC1lY2FhLTExZTYtOGY4OC0zNDM2M2JjN2M0YzAiOnsiY3JlYXRlIjoxODAwMDAwMDAwMDAwLCJkZWxldGUiOjE4MDAwMDAwMDAwMDAsInJlYWQiOjMwMDAwMDAwMDAwMH19",
          "dependencies": [
            "module.aks.azurerm_resource_group.aks_lab",
            "module.aks.azurerm_user_assigned_identity.alb_identity"
          ]
        }
      ]
    },
    {
      "module": "module.aks",
      "mode": "managed",
      "type": "azurerm_role_assignment",
      "name": "alb_network_contrib",
      "provider": "module.aks.provider[\"registry.terraform.io/hashicorp/azurerm\"]",
      "instances": [
        {
          "schema_version": 0,
          "attributes": {
            "condition": "",
            "condition_version": "",
            "delegated_managed_identity_resource_id": "",
            "description": "",
            "id": "/subscriptions/f4b29925-415a-4506-8a73-6992820c05bb/resourceGroups/challenge/providers/Microsoft.Network/virtualNetworks/challenge-vnet/subnets/challenge-agfc-subnet/providers/Microsoft.Authorization/roleAssignments/4968dc13-b510-0adf-e8a1-5179625dcaab",
            "name": "4968dc13-b510-0adf-e8a1-5179625dcaab",
            "principal_id": "b21537bb-81b7-4e6f-9a60-afe4e74ce1ec",
            "principal_type": "ServicePrincipal",
            "role_definition_id": "/subscriptions/f4b29925-415a-4506-8a73-6992820c05bb/providers/Microsoft.Authorization/roleDefinitions/4d97b98b-1d4f-4787-a291-c67834d212e7",
            "role_definition_name": "Network Contributor",
            "scope": "/subscriptions/f4b29925-415a-4506-8a73-6992820c05bb/resourceGroups/challenge/providers/Microsoft.Network/virtualNetworks/challenge-vnet/subnets/challenge-agfc-subnet",
            "skip_service_principal_aad_check": null,
            "timeouts": null
          },
          "sensitive_attributes": [],
          "identity_schema_version": 0,
          "private": "eyJlMmJmYjczMC1lY2FhLTExZTYtOGY4OC0zNDM2M2JjN2M0YzAiOnsiY3JlYXRlIjoxODAwMDAwMDAwMDAwLCJkZWxldGUiOjE4MDAwMDAwMDAwMDAsInJlYWQiOjMwMDAwMDAwMDAwMH19",
          "dependencies": [
            "module.aks.azurerm_resource_group.aks_lab",
            "module.aks.azurerm_subnet.agfc_subnet",
            "module.aks.azurerm_user_assigned_identity.alb_identity",
            "module.aks.azurerm_virtual_network.vnet"
          ]
        }
      ]
    },
    {
      "module": "module.aks",
      "mode": "managed",
      "type": "azurerm_role_assignment",
      "name": "app_gw_aks_node_group",
      "provider": "module.aks.provider[\"registry.terraform.io/hashicorp/azurerm\"]",
      "instances": [
        {
          "schema_version": 0,
          "attributes": {
            "condition": "",
            "condition_version": "",
            "delegated_managed_identity_resource_id": "",
            "description": "",
            "id": "/subscriptions/f4b29925-415a-4506-8a73-6992820c05bb/resourceGroups/MC_challenge_challenge_eastus/providers/Microsoft.Authorization/roleAssignments/e64939d1-af42-927f-4ca0-601918c62091",
            "name": "e64939d1-af42-927f-4ca0-601918c62091",
            "principal_id": "b21537bb-81b7-4e6f-9a60-afe4e74ce1ec",
            "principal_type": "ServicePrincipal",
            "role_definition_id": "/subscriptions/f4b29925-415a-4506-8a73-6992820c05bb/providers/Microsoft.Authorization/roleDefinitions/fbc52c3f-28ad-4303-a892-8a056630b8f1",
            "role_definition_name": "AppGw for Containers Configuration Manager",
            "scope": "/subscriptions/f4b29925-415a-4506-8a73-6992820c05bb/resourceGroups/MC_challenge_challenge_eastus",
            "skip_service_principal_aad_check": null,
            "timeouts": null
          },
          "sensitive_attributes": [],
          "identity_schema_version": 0,
          "private": "eyJlMmJmYjczMC1lY2FhLTExZTYtOGY4OC0zNDM2M2JjN2M0YzAiOnsiY3JlYXRlIjoxODAwMDAwMDAwMDAwLCJkZWxldGUiOjE4MDAwMDAwMDAwMDAsInJlYWQiOjMwMDAwMDAwMDAwMH19",
          "dependencies": [
            "module.aks.azurerm_kubernetes_cluster.aks_lab",
            "module.aks.azurerm_resource_group.aks_lab",
            "module.aks.azurerm_subnet.aks_subnet",
            "module.aks.azurerm_user_assigned_identity.alb_identity",
            "module.aks.azurerm_virtual_network.vnet"
          ]
        }
      ]
    },
    {
      "module": "module.aks",
      "mode": "managed",
      "type": "azurerm_role_assignment",
      "name": "network_aks_node_group",
      "provider": "module.aks.provider[\"registry.terraform.io/hashicorp/azurerm\"]",
      "instances": [
        {
          "schema_version": 0,
          "attributes": {
            "condition": "",
            "condition_version": "",
            "delegated_managed_identity_resource_id": "",
            "description": "",
            "id": "/subscriptions/f4b29925-415a-4506-8a73-6992820c05bb/resourceGroups/MC_challenge_challenge_eastus/providers/Microsoft.Authorization/roleAssignments/edf48edb-f813-1194-7e21-0fd59d7e32c6",
            "name": "edf48edb-f813-1194-7e21-0fd59d7e32c6",
            "principal_id": "b21537bb-81b7-4e6f-9a60-afe4e74ce1ec",
            "principal_type": "ServicePrincipal",
            "role_definition_id": "/subscriptions/f4b29925-415a-4506-8a73-6992820c05bb/providers/Microsoft.Authorization/roleDefinitions/4d97b98b-1d4f-4787-a291-c67834d212e7",
            "role_definition_name": "Network Contributor",
            "scope": "/subscriptions/f4b29925-415a-4506-8a73-6992820c05bb/resourceGroups/MC_challenge_challenge_eastus",
            "skip_service_principal_aad_check": null,
            "timeouts": null
          },
          "sensitive_attributes": [],
          "identity_schema_version": 0,
          "private": "eyJlMmJmYjczMC1lY2FhLTExZTYtOGY4OC0zNDM2M2JjN2M0YzAiOnsiY3JlYXRlIjoxODAwMDAwMDAwMDAwLCJkZWxldGUiOjE4MDAwMDAwMDAwMDAsInJlYWQiOjMwMDAwMDAwMDAwMH19",
          "dependencies": [
            "module.aks.azurerm_kubernetes_cluster.aks_lab",
            "module.aks.azurerm_resource_group.aks_lab",
            "module.aks.azurerm_subnet.aks_subnet",
            "module.aks.azurerm_user_assigned_identity.alb_identity",
            "module.aks.azurerm_virtual_network.vnet"
          ]
        }
      ]
    },
    {
      "module": "module.aks",
      "mode": "managed",
      "type": "azurerm_role_assignment",
      "name": "rg_reader",
      "provider": "module.aks.provider[\"registry.terraform.io/hashicorp/azurerm\"]",
      "instances": [
        {
          "schema_version": 0,
          "attributes": {
            "condition": "",
            "condition_version": "",
            "delegated_managed_identity_resource_id": "",
            "description": "",
            "id": "/subscriptions/f4b29925-415a-4506-8a73-6992820c05bb/resourceGroups/challenge/providers/Microsoft.Authorization/roleAssignments/2eccd56f-08fc-5b4d-621c-43e006822888",
            "name": "2eccd56f-08fc-5b4d-621c-43e006822888",
            "principal_id": "b21537bb-81b7-4e6f-9a60-afe4e74ce1ec",
            "principal_type": "ServicePrincipal",
            "role_definition_id": "/subscriptions/f4b29925-415a-4506-8a73-6992820c05bb/providers/Microsoft.Authorization/roleDefinitions/acdd72a7-3385-48ef-bd42-f606fba81ae7",
            "role_definition_name": "Reader",
            "scope": "/subscriptions/f4b29925-415a-4506-8a73-6992820c05bb/resourceGroups/challenge",
            "skip_service_principal_aad_check": null,
            "timeouts": null
          },
          "sensitive_attributes": [],
          "identity_schema_version": 0,
          "private": "eyJlMmJmYjczMC1lY2FhLTExZTYtOGY4OC0zNDM2M2JjN2M0YzAiOnsiY3JlYXRlIjoxODAwMDAwMDAwMDAwLCJkZWxldGUiOjE4MDAwMDAwMDAwMDAsInJlYWQiOjMwMDAwMDAwMDAwMH19",
          "dependencies": [
            "module.aks.azurerm_resource_group.aks_lab",
            "module.aks.azurerm_user_assigned_identity.alb_identity"
          ]
        }
      ]
    },
    {
      "module": "module.aks",
      "mode": "managed",
      "type": "azurerm_subnet",
      "name": "agfc_subnet",
      "provider": "module.aks.provider[\"registry.terraform.io/hashicorp/azurerm\"]",
      "instances": [
        {
          "schema_version": 0,
          "attributes": {
            "address_prefixes": [
              "10.1.1.0/24"
            ],
            "default_outbound_access_enabled": true,
            "delegation": [
              {
                "name": "delegation",
                "service_delegation": [
                  {
                    "actions": [],
                    "name": "Microsoft.ServiceNetworking/trafficControllers"
                  }
                ]
              }
            ],
            "id": "/subscriptions/f4b29925-415a-4506-8a73-6992820c05bb/resourceGroups/challenge/providers/Microsoft.Network/virtualNetworks/challenge-vnet/subnets/challenge-agfc-subnet",
            "ip_address_pool": [],
            "name": "challenge-agfc-subnet",
            "private_endpoint_network_policies": "Disabled",
            "private_link_service_network_policies_enabled": true,
            "resource_group_name": "challenge",
            "service_endpoint_policy_ids": [],
            "service_endpoints": [],
            "timeouts": null,
            "virtual_network_name": "challenge-vnet"
          },
          "sensitive_attributes": [],
          "identity_schema_version": 0,
          "identity": {
            "name": "challenge-agfc-subnet",
            "resource_group_name": "challenge",
            "subscription_id": "f4b29925-415a-4506-8a73-6992820c05bb",
            "virtual_network_name": "challenge-vnet"
          },
          "private": "eyJlMmJmYjczMC1lY2FhLTExZTYtOGY4OC0zNDM2M2JjN2M0YzAiOnsiY3JlYXRlIjoxODAwMDAwMDAwMDAwLCJkZWxldGUiOjE4MDAwMDAwMDAwMDAsInJlYWQiOjMwMDAwMDAwMDAwMCwidXBkYXRlIjoxODAwMDAwMDAwMDAwfX0=",
          "dependencies": [
            "module.aks.azurerm_resource_group.aks_lab",
            "module.aks.azurerm_virtual_network.vnet"
          ]
        }
      ]
    },
    {
      "module": "module.aks",
      "mode": "managed",
      "type": "azurerm_subnet",
      "name": "aks_subnet",
      "provider": "module.aks.provider[\"registry.terraform.io/hashicorp/azurerm\"]",
      "instances": [
        {
          "schema_version": 0,
          "attributes": {
            "address_prefixes": [
              "10.1.2.0/24"
            ],
            "default_outbound_access_enabled": true,
            "delegation": [],
            "id": "/subscriptions/f4b29925-415a-4506-8a73-6992820c05bb/resourceGroups/challenge/providers/Microsoft.Network/virtualNetworks/challenge-vnet/subnets/aks-subnet",
            "ip_address_pool": [],
            "name": "aks-subnet",
            "private_endpoint_network_policies": "Disabled",
            "private_link_service_network_policies_enabled": true,
            "resource_group_name": "challenge",
            "service_endpoint_policy_ids": [],
            "service_endpoints": [],
            "timeouts": null,
            "virtual_network_name": "challenge-vnet"
          },
          "sensitive_attributes": [],
          "identity_schema_version": 0,
          "identity": {
            "name": "aks-subnet",
            "resource_group_name": "challenge",
            "subscription_id": "f4b29925-415a-4506-8a73-6992820c05bb",
            "virtual_network_name": "challenge-vnet"
          },
          "private": "eyJlMmJmYjczMC1lY2FhLTExZTYtOGY4OC0zNDM2M2JjN2M0YzAiOnsiY3JlYXRlIjoxODAwMDAwMDAwMDAwLCJkZWxldGUiOjE4MDAwMDAwMDAwMDAsInJlYWQiOjMwMDAwMDAwMDAwMCwidXBkYXRlIjoxODAwMDAwMDAwMDAwfX0=",
          "dependencies": [
            "module.aks.azurerm_resource_group.aks_lab",
            "module.aks.azurerm_virtual_network.vnet"
          ]
        }
      ]
    },
    {
      "module": "module.aks",
      "mode": "managed",
      "type": "azurerm_user_assigned_identity",
      "name": "alb_identity",
      "provider": "module.aks.provider[\"registry.terraform.io/hashicorp/azurerm\"]",
      "instances": [
        {
          "schema_version": 1,
          "attributes": {
            "client_id": "11e82937-ee4d-4c91-ba24-f8688db11047",
            "id": "/subscriptions/f4b29925-415a-4506-8a73-6992820c05bb/resourceGroups/challenge/providers/Microsoft.ManagedIdentity/userAssignedIdentities/challenge-alb-identity",
            "location": "eastus",
            "name": "challenge-alb-identity",
            "principal_id": "b21537bb-81b7-4e6f-9a60-afe4e74ce1ec",
            "resource_group_name": "challenge",
            "tags": {},
            "tenant_id": "7f2c7ba5-f094-4dc0-b9b8-dcd2a3d30721",
            "timeouts": null
          },
          "sensitive_attributes": [],
          "identity_schema_version": 0,
          "private": "eyJlMmJmYjczMC1lY2FhLTExZTYtOGY4OC0zNDM2M2JjN2M0YzAiOnsiY3JlYXRlIjoxODAwMDAwMDAwMDAwLCJkZWxldGUiOjE4MDAwMDAwMDAwMDAsInJlYWQiOjMwMDAwMDAwMDAwMCwidXBkYXRlIjoxODAwMDAwMDAwMDAwfSwic2NoZW1hX3ZlcnNpb24iOiIxIn0=",
          "dependencies": [
            "module.aks.azurerm_resource_group.aks_lab"
          ]
        }
      ]
    },
    {
      "module": "module.aks",
      "mode": "managed",
      "type": "azurerm_virtual_network",
      "name": "vnet",
      "provider": "module.aks.provider[\"registry.terraform.io/hashicorp/azurerm\"]",
      "instances": [
        {
          "schema_version": 0,
          "attributes": {
            "address_space": [
              "10.1.0.0/16"
            ],
            "bgp_community": "",
            "ddos_protection_plan": [],
            "dns_servers": [],
            "edge_zone": "",
            "encryption": [],
            "flow_timeout_in_minutes": 0,
            "guid": "1494b091-950c-44f7-b405-341a86046e3f",
            "id": "/subscriptions/f4b29925-415a-4506-8a73-6992820c05bb/resourceGroups/challenge/providers/Microsoft.Network/virtualNetworks/challenge-vnet",
            "ip_address_pool": [],
            "location": "eastus",
            "name": "challenge-vnet",
            "private_endpoint_vnet_policies": "Disabled",
            "resource_group_name": "challenge",
            "subnet": [
              {
                "address_prefixes": [
                  "10.1.1.0/24"
                ],
                "default_outbound_access_enabled": true,
                "delegation": [
                  {
                    "name": "delegation",
                    "service_delegation": [
                      {
                        "actions": [
                          "Microsoft.Network/virtualNetworks/subnets/join/action"
                        ],
                        "name": "Microsoft.ServiceNetworking/trafficControllers"
                      }
                    ]
                  }
                ],
                "id": "/subscriptions/f4b29925-415a-4506-8a73-6992820c05bb/resourceGroups/challenge/providers/Microsoft.Network/virtualNetworks/challenge-vnet/subnets/challenge-agfc-subnet",
                "name": "challenge-agfc-subnet",
                "private_endpoint_network_policies": "Disabled",
                "private_link_service_network_policies_enabled": true,
                "route_table_id": "",
                "security_group": "",
                "service_endpoint_policy_ids": [],
                "service_endpoints": []
              },
              {
                "address_prefixes": [
                  "10.1.2.0/24"
                ],
                "default_outbound_access_enabled": true,
                "delegation": [],
                "id": "/subscriptions/f4b29925-415a-4506-8a73-6992820c05bb/resourceGroups/challenge/providers/Microsoft.Network/virtualNetworks/challenge-vnet/subnets/aks-subnet",
                "name": "aks-subnet",
                "private_endpoint_network_policies": "Disabled",
                "private_link_service_network_policies_enabled": true,
                "route_table_id": "",
                "security_group": "",
                "service_endpoint_policy_ids": [],
                "service_endpoints": []
              }
            ],
            "tags": {},
            "timeouts": null
          },
          "sensitive_attributes": [],
          "identity_schema_version": 0,
          "identity": {
            "name": "challenge-vnet",
            "resource_group_name": "challenge",
            "subscription_id": "f4b29925-415a-4506-8a73-6992820c05bb"
          },
          "private": "eyJlMmJmYjczMC1lY2FhLTExZTYtOGY4OC0zNDM2M2JjN2M0YzAiOnsiY3JlYXRlIjoxODAwMDAwMDAwMDAwLCJkZWxldGUiOjE4MDAwMDAwMDAwMDAsInJlYWQiOjMwMDAwMDAwMDAwMCwidXBkYXRlIjoxODAwMDAwMDAwMDAwfX0=",
          "dependencies": [
            "module.aks.azurerm_resource_group.aks_lab"
          ]
        }
      ]
    },
    {
      "module": "module.aks",
      "mode": "managed",
      "type": "helm_release",
      "name": "alb_controller",
      "provider": "module.aks.provider[\"registry.terraform.io/hashicorp/helm\"]",
      "instances": [
        {
          "schema_version": 2,
          "attributes": {
            "atomic": false,
            "chart": "oci://mcr.microsoft.com/application-lb/charts/alb-controller",
            "cleanup_on_fail": false,
            "create_namespace": true,
            "dependency_update": false,
            "description": null,
            "devel": null,
            "disable_crd_hooks": false,
            "disable_openapi_validation": false,
            "disable_webhooks": false,
            "force_update": false,
            "id": "alb-controller",
            "keyring": null,
            "lint": false,
            "manifest": null,
            "max_history": 0,
            "metadata": {
              "app_version": "1.7.9",
              "chart": "alb-controller",
              "first_deployed": 1754525269,
              "last_deployed": 1754525269,
              "name": "alb-controller",
              "namespace": "azure-alb-system",
              "notes": "Congratulations! The ALB Controller has been installed in your Kubernetes cluster!",
              "revision": 1,
              "values": "{\"albController\":{\"namespace\":\"azure-alb-system\",\"podIdentity\":{\"clientID\":\"11e82937-ee4d-4c91-ba24-f8688db11047\"}},\"service\":{\"type\":\"ClusterIP\"}}",
              "version": "1.7.9"
            },
            "name": "alb-controller",
            "namespace": "azure-alb-system",
            "pass_credentials": false,
            "postrender": null,
            "recreate_pods": false,
            "render_subchart_notes": true,
            "replace": false,
            "repository": "",
            "repository_ca_file": null,
            "repository_cert_file": null,
            "repository_key_file": null,
            "repository_password": null,
            "repository_username": null,
            "reset_values": false,
            "reuse_values": false,
            "set": [
              {
                "name": "albController.namespace",
                "type": "",
                "value": "azure-alb-system"
              },
              {
                "name": "albController.podIdentity.clientID",
                "type": "",
                "value": "11e82937-ee4d-4c91-ba24-f8688db11047"
              },
              {
                "name": "service.type",
                "type": "",
                "value": "ClusterIP"
              }
            ],
            "set_list": null,
            "set_sensitive": null,
            "set_wo": null,
            "set_wo_revision": null,
            "skip_crds": false,
            "status": "deployed",
            "timeout": 300,
            "values": null,
            "verify": false,
            "version": "1.7.9",
            "wait": true,
            "wait_for_jobs": false
          },
          "sensitive_attributes": [
            [
              {
                "type": "get_attr",
                "value": "repository_password"
              }
            ]
          ],
          "identity_schema_version": 0,
          "identity": {
            "namespace": "azure-alb-system",
            "release_name": "alb-controller"
          },
          "dependencies": [
            "module.aks.azurerm_kubernetes_cluster.aks_lab",
            "module.aks.azurerm_resource_group.aks_lab",
            "module.aks.azurerm_role_assignment.alb_cfg_mgr",
            "module.aks.azurerm_role_assignment.alb_network_contrib",
            "module.aks.azurerm_subnet.agfc_subnet",
            "module.aks.azurerm_subnet.aks_subnet",
            "module.aks.azurerm_user_assigned_identity.alb_identity",
            "module.aks.azurerm_virtual_network.vnet"
          ]
        }
      ]
    },
    {
      "module": "module.aks",
      "mode": "managed",
      "type": "helm_release",
      "name": "argo_rollouts",
      "provider": "module.aks.provider[\"registry.terraform.io/hashicorp/helm\"]",
      "instances": [
        {
          "schema_version": 2,
          "attributes": {
            "atomic": false,
            "chart": "argo-rollouts",
            "cleanup_on_fail": false,
            "create_namespace": true,
            "dependency_update": false,
            "description": null,
            "devel": null,
            "disable_crd_hooks": false,
            "disable_openapi_validation": false,
            "disable_webhooks": false,
            "force_update": false,
            "id": "argo-rollouts",
            "keyring": null,
            "lint": false,
            "manifest": null,
            "max_history": 0,
            "metadata": {
              "app_version": "v1.8.3",
              "chart": "argo-rollouts",
              "first_deployed": 1754525254,
              "last_deployed": 1754525254,
              "name": "argo-rollouts",
              "namespace": "argocd",
              "notes": "",
              "revision": 1,
              "values": "{}",
              "version": "2.40.3"
            },
            "name": "argo-rollouts",
            "namespace": "argocd",
            "pass_credentials": false,
            "postrender": null,
            "recreate_pods": false,
            "render_subchart_notes": true,
            "replace": false,
            "repository": "https://argoproj.github.io/argo-helm",
            "repository_ca_file": null,
            "repository_cert_file": null,
            "repository_key_file": null,
            "repository_password": null,
            "repository_username": null,
            "reset_values": false,
            "reuse_values": false,
            "set": null,
            "set_list": null,
            "set_sensitive": null,
            "set_wo": null,
            "set_wo_revision": null,
            "skip_crds": false,
            "status": "deployed",
            "timeout": 300,
            "values": null,
            "verify": false,
            "version": "2.40.3",
            "wait": true,
            "wait_for_jobs": false
          },
          "sensitive_attributes": [
            [
              {
                "type": "get_attr",
                "value": "repository_password"
              }
            ]
          ],
          "identity_schema_version": 0,
          "identity": {
            "namespace": "argocd",
            "release_name": "argo-rollouts"
          },
          "dependencies": [
            "module.aks.azurerm_kubernetes_cluster.aks_lab",
            "module.aks.azurerm_resource_group.aks_lab",
            "module.aks.azurerm_subnet.aks_subnet",
            "module.aks.azurerm_virtual_network.vnet"
          ]
        }
      ]
    },
    {
      "module": "module.aks",
      "mode": "managed",
      "type": "helm_release",
      "name": "argocd",
      "provider": "module.aks.provider[\"registry.terraform.io/hashicorp/helm\"]",
      "instances": [
        {
          "schema_version": 2,
          "attributes": {
            "atomic": false,
            "chart": "argo-cd",
            "cleanup_on_fail": false,
            "create_namespace": true,
            "dependency_update": false,
            "description": null,
            "devel": null,
            "disable_crd_hooks": false,
            "disable_openapi_validation": false,
            "disable_webhooks": false,
            "force_update": false,
            "id": "argocd",
            "keyring": null,
            "lint": false,
            "manifest": null,
            "max_history": 0,
            "metadata": {
              "app_version": "v2.5.9",
              "chart": "argo-cd",
              "first_deployed": 1754525254,
              "last_deployed": 1754525254,
              "name": "argocd",
              "namespace": "argocd",
              "notes": "\nDEPRECATED option createAggregateRoles - Use global.rbac.aggregatedRoles\n\nIn order to access the server UI you have the following options:\n\n1. kubectl port-forward service/argocd-server -n argocd 8080:443\n\n    and then open the browser on http://localhost:8080 and accept the certificate\n\n2. enable ingress in the values file `server.ingress.enabled` and either\n      - Add the annotation for ssl passthrough: https://argo-cd.readthedocs.io/en/stable/operator-manual/ingress/#option-1-ssl-passthrough\n      - Set the `configs.params.\"server.insecure\"` in the values file and terminate SSL at your ingress: https://argo-cd.readthedocs.io/en/stable/operator-manual/ingress/#option-2-multiple-ingress-objects-and-hosts\n\n\nAfter reaching the UI the first time you can login with username: admin and the random password generated during the installation. You can find the password by running:\n\nkubectl -n argocd get secret argocd-initial-admin-secret -o jsonpath=\"{.data.password}\" | base64 -d\n\n(You should delete the initial secret afterwards as suggested by the Getting Started Guide: https://argo-cd.readthedocs.io/en/stable/getting_started/#4-login-using-the-cli)\n",
              "revision": 1,
              "values": "{}",
              "version": "5.19.12"
            },
            "name": "argocd",
            "namespace": "argocd",
            "pass_credentials": false,
            "postrender": null,
            "recreate_pods": false,
            "render_subchart_notes": true,
            "replace": false,
            "repository": "https://argoproj.github.io/argo-helm",
            "repository_ca_file": null,
            "repository_cert_file": null,
            "repository_key_file": null,
            "repository_password": null,
            "repository_username": null,
            "reset_values": false,
            "reuse_values": false,
            "set": null,
            "set_list": null,
            "set_sensitive": null,
            "set_wo": null,
            "set_wo_revision": null,
            "skip_crds": false,
            "status": "deployed",
            "timeout": 300,
            "values": null,
            "verify": false,
            "version": "5.19.12",
            "wait": true,
            "wait_for_jobs": false
          },
          "sensitive_attributes": [
            [
              {
                "type": "get_attr",
                "value": "repository_password"
              }
            ]
          ],
          "identity_schema_version": 0,
          "identity": {
            "namespace": "argocd",
            "release_name": "argocd"
          },
          "dependencies": [
            "module.aks.azurerm_kubernetes_cluster.aks_lab",
            "module.aks.azurerm_resource_group.aks_lab",
            "module.aks.azurerm_subnet.aks_subnet",
            "module.aks.azurerm_virtual_network.vnet"
          ]
        }
      ]
    }
  ],
  "check_results": null
}
